
Microsoft Visual Studio Solution File, Format Version 12.00
# Visual Studio Version 16
VisualStudioVersion = 16.0.31727.386
MinimumVisualStudioVersion = 10.0.40219.1
Project("{8BC9CEB8-8B4A-11D0-8D11-00A0C91BC942}") = "CSGO_TriggerBot", "CSGO_TriggerBot\CSGO_TriggerBot.vcxproj", "{82ED5C16-3F2D-46B2-8679-8196847C0DA7}"
EndProject
Global
	GlobalSection(SolutionConfigurationPlatforms) = preSolution
		Debug|x64 = Debug|x64
		Debug|x86 = Debug|x86
		Release|x64 = Release|x64
		Release|x86 = Release|x86
	EndGlobalSection
	GlobalSection(ProjectConfigurationPlatforms) = postSolution
		{82ED5C16-3F2D-46B2-8679-8196847C0DA7}.Debug|x64.ActiveCfg = Debug|x64
		{82ED5C16-3F2D-46B2-8679-8196847C0DA7}.Debug|x64.Build.0 = Debug|x64
		{82ED5C16-3F2D-46B2-8679-8196847C0DA7}.Debug|x86.ActiveCfg = Debug|Win32
		{82ED5C16-3F2D-46B2-8679-8196847C0DA7}.Debug|x86.Build.0 = Debug|Win32
		{82ED5C16-3F2D-46B2-8679-8196847C0DA7}.Release|x64.ActiveCfg = Release|x64
		{82ED5C16-3F2D-46B2-8679-8196847C0DA7}.Release|x64.Build.0 = Release|x64
		{82ED5C16-3F2D-46B2-8679-8196847C0DA7}.Release|x86.ActiveCfg = Release|Win32
		{82ED5C16-3F2D-46B2-8679-8196847C0DA7}.Release|x86.Build.0 = Release|Win32
	EndGlobalSection
	GlobalSection(SolutionProperties) = preSolution
		HideSolutionNode = FALSE
	EndGlobalSection
	GlobalSection(ExtensibilityGlobals) = postSolution
		SolutionGuid = {FA967635-A74B-4791-8DE8-C83D8B6D8F20}
	EndGlobalSection
EndGlobal
